// !$*UTF8*$!
{
	archiveVersion = 1;
	classes = {
	};
	objectVersion = 56;
	objects = {

/* Begin PBXBuildFile section */
		62131D882B83A003002CAB40 /* BrowserView.swift in Sources */ = {isa = PBXBuildFile; fileRef = 62131D872B83A003002CAB40 /* BrowserView.swift */; };
		62131D8A2B83A8B3002CAB40 /* Screen Recording 2024-02-19 at 22.08.51.mov in Resources */ = {isa = PBXBuildFile; fileRef = 62131D892B83A8B3002CAB40 /* Screen Recording 2024-02-19 at 22.08.51.mov */; };
		629DA7C62B81C913002BD64C /* Exercise9RepublikaNewsApp.swift in Sources */ = {isa = PBXBuildFile; fileRef = 629DA7C52B81C913002BD64C /* Exercise9RepublikaNewsApp.swift */; };
		629DA7CA2B81C915002BD64C /* Assets.xcassets in Resources */ = {isa = PBXBuildFile; fileRef = 629DA7C92B81C915002BD64C /* Assets.xcassets */; };
		629DA7CD2B81C915002BD64C /* Preview Assets.xcassets in Resources */ = {isa = PBXBuildFile; fileRef = 629DA7CC2B81C915002BD64C /* Preview Assets.xcassets */; };
		629DA7DB2B81CA50002BD64C /* RepublikaNews.swift in Sources */ = {isa = PBXBuildFile; fileRef = 629DA7DA2B81CA50002BD64C /* RepublikaNews.swift */; };
		629DA7DE2B81CAFC002BD64C /* Alamofire in Frameworks */ = {isa = PBXBuildFile; productRef = 629DA7DD2B81CAFC002BD64C /* Alamofire */; };
		629DA7E12B81CC8A002BD64C /* NewsResponse.swift in Sources */ = {isa = PBXBuildFile; fileRef = 629DA7E02B81CC8A002BD64C /* NewsResponse.swift */; };
		629DA7E32B81CE5A002BD64C /* Constant.swift in Sources */ = {isa = PBXBuildFile; fileRef = 629DA7E22B81CE5A002BD64C /* Constant.swift */; };
		629DA7E52B81CEA2002BD64C /* ApiService.swift in Sources */ = {isa = PBXBuildFile; fileRef = 629DA7E42B81CEA2002BD64C /* ApiService.swift */; };
		629DA7E72B81D8A1002BD64C /* NewsViewModel.swift in Sources */ = {isa = PBXBuildFile; fileRef = 629DA7E62B81D8A1002BD64C /* NewsViewModel.swift */; };
		629DA7E92B81E572002BD64C /* CardNews.swift in Sources */ = {isa = PBXBuildFile; fileRef = 629DA7E82B81E572002BD64C /* CardNews.swift */; };
/* End PBXBuildFile section */

/* Begin PBXFileReference section */
		62131D872B83A003002CAB40 /* BrowserView.swift */ = {isa = PBXFileReference; lastKnownFileType = sourcecode.swift; path = BrowserView.swift; sourceTree = "<group>"; };
		62131D892B83A8B3002CAB40 /* Screen Recording 2024-02-19 at 22.08.51.mov */ = {isa = PBXFileReference; lastKnownFileType = video.quicktime; name = "Screen Recording 2024-02-19 at 22.08.51.mov"; path = "../../../../../Desktop/Screen Recording 2024-02-19 at 22.08.51.mov"; sourceTree = "<group>"; };
		629DA7C22B81C913002BD64C /* Exercise9RepublikaNews.app */ = {isa = PBXFileReference; explicitFileType = wrapper.application; includeInIndex = 0; path = Exercise9RepublikaNews.app; sourceTree = BUILT_PRODUCTS_DIR; };
		629DA7C52B81C913002BD64C /* Exercise9RepublikaNewsApp.swift */ = {isa = PBXFileReference; lastKnownFileType = sourcecode.swift; path = Exercise9RepublikaNewsApp.swift; sourceTree = "<group>"; };
		629DA7C92B81C915002BD64C /* Assets.xcassets */ = {isa = PBXFileReference; lastKnownFileType = folder.assetcatalog; path = Assets.xcassets; sourceTree = "<group>"; };
		629DA7CC2B81C915002BD64C /* Preview Assets.xcassets */ = {isa = PBXFileReference; lastKnownFileType = folder.assetcatalog; path = "Preview Assets.xcassets"; sourceTree = "<group>"; };
		629DA7DA2B81CA50002BD64C /* RepublikaNews.swift */ = {isa = PBXFileReference; lastKnownFileType = sourcecode.swift; path = RepublikaNews.swift; sourceTree = "<group>"; };
		629DA7E02B81CC8A002BD64C /* NewsResponse.swift */ = {isa = PBXFileReference; lastKnownFileType = sourcecode.swift; path = NewsResponse.swift; sourceTree = "<group>"; };
		629DA7E22B81CE5A002BD64C /* Constant.swift */ = {isa = PBXFileReference; lastKnownFileType = sourcecode.swift; path = Constant.swift; sourceTree = "<group>"; };
		629DA7E42B81CEA2002BD64C /* ApiService.swift */ = {isa = PBXFileReference; lastKnownFileType = sourcecode.swift; path = ApiService.swift; sourceTree = "<group>"; };
		629DA7E62B81D8A1002BD64C /* NewsViewModel.swift */ = {isa = PBXFileReference; lastKnownFileType = sourcecode.swift; path = NewsViewModel.swift; sourceTree = "<group>"; };
		629DA7E82B81E572002BD64C /* CardNews.swift */ = {isa = PBXFileReference; lastKnownFileType = sourcecode.swift; path = CardNews.swift; sourceTree = "<group>"; };
/* End PBXFileReference section */

/* Begin PBXFrameworksBuildPhase section */
		629DA7BF2B81C912002BD64C /* Frameworks */ = {
			isa = PBXFrameworksBuildPhase;
			buildActionMask = 2147483647;
			files = (
				629DA7DE2B81CAFC002BD64C /* Alamofire in Frameworks */,
			);
			runOnlyForDeploymentPostprocessing = 0;
		};
/* End PBXFrameworksBuildPhase section */

/* Begin PBXGroup section */
		629DA7B92B81C912002BD64C = {
			isa = PBXGroup;
			children = (
				629DA7C42B81C913002BD64C /* Exercise9RepublikaNews */,
				629DA7C32B81C913002BD64C /* Products */,
			);
			sourceTree = "<group>";
		};
		629DA7C32B81C913002BD64C /* Products */ = {
			isa = PBXGroup;
			children = (
				629DA7C22B81C913002BD64C /* Exercise9RepublikaNews.app */,
			);
			name = Products;
			sourceTree = "<group>";
		};
		629DA7C42B81C913002BD64C /* Exercise9RepublikaNews */ = {
			isa = PBXGroup;
			children = (
				62131D892B83A8B3002CAB40 /* Screen Recording 2024-02-19 at 22.08.51.mov */,
				629DA7DF2B81CC75002BD64C /* Models */,
				629DA7D72B81C9E9002BD64C /* Screen */,
				629DA7D62B81C9D4002BD64C /* Resources */,
				629DA7D52B81C9CE002BD64C /* App */,
				629DA7D42B81C9C5002BD64C /* ViewModel */,
				629DA7D32B81C9BD002BD64C /* Services */,
				629DA7CB2B81C915002BD64C /* Preview Content */,
			);
			path = Exercise9RepublikaNews;
			sourceTree = "<group>";
		};
		629DA7CB2B81C915002BD64C /* Preview Content */ = {
			isa = PBXGroup;
			children = (
				629DA7CC2B81C915002BD64C /* Preview Assets.xcassets */,
			);
			path = "Preview Content";
			sourceTree = "<group>";
		};
		629DA7D32B81C9BD002BD64C /* Services */ = {
			isa = PBXGroup;
			children = (
				629DA7E22B81CE5A002BD64C /* Constant.swift */,
				629DA7E42B81CEA2002BD64C /* ApiService.swift */,
			);
			path = Services;
			sourceTree = "<group>";
		};
		629DA7D42B81C9C5002BD64C /* ViewModel */ = {
			isa = PBXGroup;
			children = (
				629DA7E62B81D8A1002BD64C /* NewsViewModel.swift */,
			);
			path = ViewModel;
			sourceTree = "<group>";
		};
		629DA7D52B81C9CE002BD64C /* App */ = {
			isa = PBXGroup;
			children = (
				629DA7C52B81C913002BD64C /* Exercise9RepublikaNewsApp.swift */,
			);
			path = App;
			sourceTree = "<group>";
		};
		629DA7D62B81C9D4002BD64C /* Resources */ = {
			isa = PBXGroup;
			children = (
				629DA7C92B81C915002BD64C /* Assets.xcassets */,
			);
			path = Resources;
			sourceTree = "<group>";
		};
		629DA7D72B81C9E9002BD64C /* Screen */ = {
			isa = PBXGroup;
			children = (
				629DA7D82B81CA00002BD64C /* News */,
			);
			path = Screen;
			sourceTree = "<group>";
		};
		629DA7D82B81CA00002BD64C /* News */ = {
			isa = PBXGroup;
			children = (
				629DA7DA2B81CA50002BD64C /* RepublikaNews.swift */,
				629DA7E82B81E572002BD64C /* CardNews.swift */,
				62131D872B83A003002CAB40 /* BrowserView.swift */,
			);
			path = News;
			sourceTree = "<group>";
		};
		629DA7DF2B81CC75002BD64C /* Models */ = {
			isa = PBXGroup;
			children = (
				629DA7E02B81CC8A002BD64C /* NewsResponse.swift */,
			);
			path = Models;
			sourceTree = "<group>";
		};
/* End PBXGroup section */

/* Begin PBXNativeTarget section */
		629DA7C12B81C912002BD64C /* Exercise9RepublikaNews */ = {
			isa = PBXNativeTarget;
			buildConfigurationList = 629DA7D02B81C915002BD64C /* Build configuration list for PBXNativeTarget "Exercise9RepublikaNews" */;
			buildPhases = (
				629DA7BE2B81C912002BD64C /* Sources */,
				629DA7BF2B81C912002BD64C /* Frameworks */,
				629DA7C02B81C912002BD64C /* Resources */,
			);
			buildRules = (
			);
			dependencies = (
			);
			name = Exercise9RepublikaNews;
			packageProductDependencies = (
				629DA7DD2B81CAFC002BD64C /* Alamofire */,
			);
			productName = Exercise9RepublikaNews;
			productReference = 629DA7C22B81C913002BD64C /* Exercise9RepublikaNews.app */;
			productType = "com.apple.product-type.application";
		};
/* End PBXNativeTarget section */

/* Begin PBXProject section */
		629DA7BA2B81C912002BD64C /* Project object */ = {
			isa = PBXProject;
			attributes = {
				BuildIndependentTargetsInParallel = 1;
				LastSwiftUpdateCheck = 1510;
				LastUpgradeCheck = 1510;
				TargetAttributes = {
					629DA7C12B81C912002BD64C = {
						CreatedOnToolsVersion = 15.1;
					};
				};
			};
			buildConfigurationList = 629DA7BD2B81C912002BD64C /* Build configuration list for PBXProject "Exercise9RepublikaNews" */;
			compatibilityVersion = "Xcode 14.0";
			developmentRegion = en;
			hasScannedForEncodings = 0;
			knownRegions = (
				en,
				Base,
			);
			mainGroup = 629DA7B92B81C912002BD64C;
			packageReferences = (
				629DA7DC2B81CAFC002BD64C /* XCRemoteSwiftPackageReference "Alamofire" */,
			);
			productRefGroup = 629DA7C32B81C913002BD64C /* Products */;
			projectDirPath = "";
			projectRoot = "";
			targets = (
				629DA7C12B81C912002BD64C /* Exercise9RepublikaNews */,
			);
		};
/* End PBXProject section */

/* Begin PBXResourcesBuildPhase section */
		629DA7C02B81C912002BD64C /* Resources */ = {
			isa = PBXResourcesBuildPhase;
			buildActionMask = 2147483647;
			files = (
				629DA7CD2B81C915002BD64C /* Preview Assets.xcassets in Resources */,
				62131D8A2B83A8B3002CAB40 /* Screen Recording 2024-02-19 at 22.08.51.mov in Resources */,
				629DA7CA2B81C915002BD64C /* Assets.xcassets in Resources */,
			);
			runOnlyForDeploymentPostprocessing = 0;
		};
/* End PBXResourcesBuildPhase section */

/* Begin PBXSourcesBuildPhase section */
		629DA7BE2B81C912002BD64C /* Sources */ = {
			isa = PBXSourcesBuildPhase;
			buildActionMask = 2147483647;
			files = (
				629DA7C62B81C913002BD64C /* Exercise9RepublikaNewsApp.swift in Sources */,
				629DA7E72B81D8A1002BD64C /* NewsViewModel.swift in Sources */,
				629DA7E52B81CEA2002BD64C /* ApiService.swift in Sources */,
				62131D882B83A003002CAB40 /* BrowserView.swift in Sources */,
				629DA7DB2B81CA50002BD64C /* RepublikaNews.swift in Sources */,
				629DA7E12B81CC8A002BD64C /* NewsResponse.swift in Sources */,
				629DA7E92B81E572002BD64C /* CardNews.swift in Sources */,
				629DA7E32B81CE5A002BD64C /* Constant.swift in Sources */,
			);
			runOnlyForDeploymentPostprocessing = 0;
		};
/* End PBXSourcesBuildPhase section */

/* Begin XCBuildConfiguration section */
		629DA7CE2B81C915002BD64C /* Debug */ = {
			isa = XCBuildConfiguration;
			buildSettings = {
				ALWAYS_SEARCH_USER_PATHS = NO;
				ASSETCATALOG_COMPILER_GENERATE_SWIFT_ASSET_SYMBOL_EXTENSIONS = YES;
				CLANG_ANALYZER_NONNULL = YES;
				CLANG_ANALYZER_NUMBER_OBJECT_CONVERSION = YES_AGGRESSIVE;
				CLANG_CXX_LANGUAGE_STANDARD = "gnu++20";
				CLANG_ENABLE_MODULES = YES;
				CLANG_ENABLE_OBJC_ARC = YES;
				CLANG_ENABLE_OBJC_WEAK = YES;
				CLANG_WARN_BLOCK_CAPTURE_AUTORELEASING = YES;
				CLANG_WARN_BOOL_CONVERSION = YES;
				CLANG_WARN_COMMA = YES;
				CLANG_WARN_CONSTANT_CONVERSION = YES;
				CLANG_WARN_DEPRECATED_OBJC_IMPLEMENTATIONS = YES;
				CLANG_WARN_DIRECT_OBJC_ISA_USAGE = YES_ERROR;
				CLANG_WARN_DOCUMENTATION_COMMENTS = YES;
				CLANG_WARN_EMPTY_BODY = YES;
				CLANG_WARN_ENUM_CONVERSION = YES;
				CLANG_WARN_INFINITE_RECURSION = YES;
				CLANG_WARN_INT_CONVERSION = YES;
				CLANG_WARN_NON_LITERAL_NULL_CONVERSION = YES;
				CLANG_WARN_OBJC_IMPLICIT_RETAIN_SELF = YES;
				CLANG_WARN_OBJC_LITERAL_CONVERSION = YES;
				CLANG_WARN_OBJC_ROOT_CLASS = YES_ERROR;
				CLANG_WARN_QUOTED_INCLUDE_IN_FRAMEWORK_HEADER = YES;
				CLANG_WARN_RANGE_LOOP_ANALYSIS = YES;
				CLANG_WARN_STRICT_PROTOTYPES = YES;
				CLANG_WARN_SUSPICIOUS_MOVE = YES;
				CLANG_WARN_UNGUARDED_AVAILABILITY = YES_AGGRESSIVE;
				CLANG_WARN_UNREACHABLE_CODE = YES;
				CLANG_WARN__DUPLICATE_METHOD_MATCH = YES;
				COPY_PHASE_STRIP = NO;
				DEBUG_INFORMATION_FORMAT = dwarf;
				ENABLE_STRICT_OBJC_MSGSEND = YES;
				ENABLE_TESTABILITY = YES;
				ENABLE_USER_SCRIPT_SANDBOXING = YES;
				GCC_C_LANGUAGE_STANDARD = gnu17;
				GCC_DYNAMIC_NO_PIC = NO;
				GCC_NO_COMMON_BLOCKS = YES;
				GCC_OPTIMIZATION_LEVEL = 0;
				GCC_PREPROCESSOR_DEFINITIONS = (
					"DEBUG=1",
					"$(inherited)",
				);
				GCC_WARN_64_TO_32_BIT_CONVERSION = YES;
				GCC_WARN_ABOUT_RETURN_TYPE = YES_ERROR;
				GCC_WARN_UNDECLARED_SELECTOR = YES;
				GCC_WARN_UNINITIALIZED_AUTOS = YES_AGGRESSIVE;
				GCC_WARN_UNUSED_FUNCTION = YES;
				GCC_WARN_UNUSED_VARIABLE = YES;
				IPHONEOS_DEPLOYMENT_TARGET = 17.2;
				LOCALIZATION_PREFERS_STRING_CATALOGS = YES;
				MTL_ENABLE_DEBUG_INFO = INCLUDE_SOURCE;
				MTL_FAST_MATH = YES;
				ONLY_ACTIVE_ARCH = YES;
				SDKROOT = iphoneos;
				SWIFT_ACTIVE_COMPILATION_CONDITIONS = "DEBUG $(inherited)";
				SWIFT_OPTIMIZATION_LEVEL = "-Onone";
			};
			name = Debug;
		};
		629DA7CF2B81C915002BD64C /* Release */ = {
			isa = XCBuildConfiguration;
			buildSettings = {
				ALWAYS_SEARCH_USER_PATHS = NO;
				ASSETCATALOG_COMPILER_GENERATE_SWIFT_ASSET_SYMBOL_EXTENSIONS = YES;
				CLANG_ANALYZER_NONNULL = YES;
				CLANG_ANALYZER_NUMBER_OBJECT_CONVERSION = YES_AGGRESSIVE;
				CLANG_CXX_LANGUAGE_STANDARD = "gnu++20";
				CLANG_ENABLE_MODULES = YES;
				CLANG_ENABLE_OBJC_ARC = YES;
				CLANG_ENABLE_OBJC_WEAK = YES;
				CLANG_WARN_BLOCK_CAPTURE_AUTORELEASING = YES;
				CLANG_WARN_BOOL_CONVERSION = YES;
				CLANG_WARN_COMMA = YES;
				CLANG_WARN_CONSTANT_CONVERSION = YES;
				CLANG_WARN_DEPRECATED_OBJC_IMPLEMENTATIONS = YES;
				CLANG_WARN_DIRECT_OBJC_ISA_USAGE = YES_ERROR;
				CLANG_WARN_DOCUMENTATION_COMMENTS = YES;
				CLANG_WARN_EMPTY_BODY = YES;
				CLANG_WARN_ENUM_CONVERSION = YES;
				CLANG_WARN_INFINITE_RECURSION = YES;
				CLANG_WARN_INT_CONVERSION = YES;
				CLANG_WARN_NON_LITERAL_NULL_CONVERSION = YES;
				CLANG_WARN_OBJC_IMPLICIT_RETAIN_SELF = YES;
				CLANG_WARN_OBJC_LITERAL_CONVERSION = YES;
				CLANG_WARN_OBJC_ROOT_CLASS = YES_ERROR;
				CLANG_WARN_QUOTED_INCLUDE_IN_FRAMEWORK_HEADER = YES;
				CLANG_WARN_RANGE_LOOP_ANALYSIS = YES;
				CLANG_WARN_STRICT_PROTOTYPES = YES;
				CLANG_WARN_SUSPICIOUS_MOVE = YES;
				CLANG_WARN_UNGUARDED_AVAILABILITY = YES_AGGRESSIVE;
				CLANG_WARN_UNREACHABLE_CODE = YES;
				CLANG_WARN__DUPLICATE_METHOD_MATCH = YES;
				COPY_PHASE_STRIP = NO;
				DEBUG_INFORMATION_FORMAT = "dwarf-with-dsym";
				ENABLE_NS_ASSERTIONS = NO;
				ENABLE_STRICT_OBJC_MSGSEND = YES;
				ENABLE_USER_SCRIPT_SANDBOXING = YES;
				GCC_C_LANGUAGE_STANDARD = gnu17;
				GCC_NO_COMMON_BLOCKS = YES;
				GCC_WARN_64_TO_32_BIT_CONVERSION = YES;
				GCC_WARN_ABOUT_RETURN_TYPE = YES_ERROR;
				GCC_WARN_UNDECLARED_SELECTOR = YES;
				GCC_WARN_UNINITIALIZED_AUTOS = YES_AGGRESSIVE;
				GCC_WARN_UNUSED_FUNCTION = YES;
				GCC_WARN_UNUSED_VARIABLE = YES;
				IPHONEOS_DEPLOYMENT_TARGET = 17.2;
				LOCALIZATION_PREFERS_STRING_CATALOGS = YES;
				MTL_ENABLE_DEBUG_INFO = NO;
				MTL_FAST_MATH = YES;
				SDKROOT = iphoneos;
				SWIFT_COMPILATION_MODE = wholemodule;
				VALIDATE_PRODUCT = YES;
			};
			name = Release;
		};
		629DA7D12B81C915002BD64C /* Debug */ = {
			isa = XCBuildConfiguration;
			buildSettings = {
				ASSETCATALOG_COMPILER_APPICON_NAME = AppIcon;
				ASSETCATALOG_COMPILER_GLOBAL_ACCENT_COLOR_NAME = AccentColor;
				CODE_SIGN_STYLE = Automatic;
				CURRENT_PROJECT_VERSION = 1;
				DEVELOPMENT_ASSET_PATHS = "\"Exercise9RepublikaNews/Preview Content\"";
				DEVELOPMENT_TEAM = FZ3YF5VBZ6;
				ENABLE_PREVIEWS = YES;
				GENERATE_INFOPLIST_FILE = YES;
				INFOPLIST_KEY_UIApplicationSceneManifest_Generation = YES;
				INFOPLIST_KEY_UIApplicationSupportsIndirectInputEvents = YES;
				INFOPLIST_KEY_UILaunchScreen_Generation = YES;
				INFOPLIST_KEY_UISupportedInterfaceOrientations_iPad = "UIInterfaceOrientationPortrait UIInterfaceOrientationPortraitUpsideDown UIInterfaceOrientationLandscapeLeft UIInterfaceOrientationLandscapeRight";
				INFOPLIST_KEY_UISupportedInterfaceOrientations_iPhone = "UIInterfaceOrientationPortrait UIInterfaceOrientationLandscapeLeft UIInterfaceOrientationLandscapeRight";
				LD_RUNPATH_SEARCH_PATHS = (
					"$(inherited)",
					"@executable_path/Frameworks",
				);
				MARKETING_VERSION = 1.0;
				PRODUCT_BUNDLE_IDENTIFIER = riza.Exercise9RepublikaNews;
				PRODUCT_NAME = "$(TARGET_NAME)";
				SWIFT_EMIT_LOC_STRINGS = YES;
				SWIFT_VERSION = 5.0;
				TARGETED_DEVICE_FAMILY = "1,2";
			};
			name = Debug;
		};
		629DA7D22B81C915002BD64C /* Release */ = {
			isa = XCBuildConfiguration;
			buildSettings = {
				ASSETCATALOG_COMPILER_APPICON_NAME = AppIcon;
				ASSETCATALOG_COMPILER_GLOBAL_ACCENT_COLOR_NAME = AccentColor;
				CODE_SIGN_STYLE = Automatic;
				CURRENT_PROJECT_VERSION = 1;
				DEVELOPMENT_ASSET_PATHS = "\"Exercise9RepublikaNews/Preview Content\"";
				DEVELOPMENT_TEAM = FZ3YF5VBZ6;
				ENABLE_PREVIEWS = YES;
				GENERATE_INFOPLIST_FILE = YES;
				INFOPLIST_KEY_UIApplicationSceneManifest_Generation = YES;
				INFOPLIST_KEY_UIApplicationSupportsIndirectInputEvents = YES;
				INFOPLIST_KEY_UILaunchScreen_Generation = YES;
				INFOPLIST_KEY_UISupportedInterfaceOrientations_iPad = "UIInterfaceOrientationPortrait UIInterfaceOrientationPortraitUpsideDown UIInterfaceOrientationLandscapeLeft UIInterfaceOrientationLandscapeRight";
				INFOPLIST_KEY_UISupportedInterfaceOrientations_iPhone = "UIInterfaceOrientationPortrait UIInterfaceOrientationLandscapeLeft UIInterfaceOrientationLandscapeRight";
				LD_RUNPATH_SEARCH_PATHS = (
					"$(inherited)",
					"@executable_path/Frameworks",
				);
				MARKETING_VERSION = 1.0;
				PRODUCT_BUNDLE_IDENTIFIER = riza.Exercise9RepublikaNews;
				PRODUCT_NAME = "$(TARGET_NAME)";
				SWIFT_EMIT_LOC_STRINGS = YES;
				SWIFT_VERSION = 5.0;
				TARGETED_DEVICE_FAMILY = "1,2";
			};
			name = Release;
		};
/* End XCBuildConfiguration section */

/* Begin XCConfigurationList section */
		629DA7BD2B81C912002BD64C /* Build configuration list for PBXProject "Exercise9RepublikaNews" */ = {
			isa = XCConfigurationList;
			buildConfigurations = (
				629DA7CE2B81C915002BD64C /* Debug */,
				629DA7CF2B81C915002BD64C /* Release */,
			);
			defaultConfigurationIsVisible = 0;
			defaultConfigurationName = Release;
		};
		629DA7D02B81C915002BD64C /* Build configuration list for PBXNativeTarget "Exercise9RepublikaNews" */ = {
			isa = XCConfigurationList;
			buildConfigurations = (
				629DA7D12B81C915002BD64C /* Debug */,
				629DA7D22B81C915002BD64C /* Release */,
			);
			defaultConfigurationIsVisible = 0;
			defaultConfigurationName = Release;
		};
/* End XCConfigurationList section */

/* Begin XCRemoteSwiftPackageReference section */
		629DA7DC2B81CAFC002BD64C /* XCRemoteSwiftPackageReference "Alamofire" */ = {
			isa = XCRemoteSwiftPackageReference;
			repositoryURL = "https://github.com/Alamofire/Alamofire.git";
			requirement = {
				kind = upToNextMajorVersion;
				minimumVersion = 5.8.1;
			};
		};
/* End XCRemoteSwiftPackageReference section */

/* Begin XCSwiftPackageProductDependency section */
		629DA7DD2B81CAFC002BD64C /* Alamofire */ = {
			isa = XCSwiftPackageProductDependency;
			package = 629DA7DC2B81CAFC002BD64C /* XCRemoteSwiftPackageReference "Alamofire" */;
			productName = Alamofire;
		};
/* End XCSwiftPackageProductDependency section */
	};
	rootObject = 629DA7BA2B81C912002BD64C /* Project object */;
}
